// !$*UTF8*$!
{
	archiveVersion = 1;
	classes = {
	};
	objectVersion = 56;
	objects = {

/* Begin PBXBuildFile section */
		C321D62E293E30D600195345 /* AppDelegate.swift in Sources */ = {isa = PBXBuildFile; fileRef = C321D62D293E30D600195345 /* AppDelegate.swift */; };
		C321D630293E30D600195345 /* SceneDelegate.swift in Sources */ = {isa = PBXBuildFile; fileRef = C321D62F293E30D600195345 /* SceneDelegate.swift */; };
		C321D632293E30D600195345 /* ViewController.swift in Sources */ = {isa = PBXBuildFile; fileRef = C321D631293E30D600195345 /* ViewController.swift */; };
		C321D635293E30D600195345 /* Main.storyboard in Resources */ = {isa = PBXBuildFile; fileRef = C321D633293E30D600195345 /* Main.storyboard */; };
		C321D637293E30DD00195345 /* Assets.xcassets in Resources */ = {isa = PBXBuildFile; fileRef = C321D636293E30DD00195345 /* Assets.xcassets */; };
		C321D63A293E30DD00195345 /* LaunchScreen.storyboard in Resources */ = {isa = PBXBuildFile; fileRef = C321D638293E30DD00195345 /* LaunchScreen.storyboard */; };
		C321D642293E480F00195345 /* ParticlesViewController.swift in Sources */ = {isa = PBXBuildFile; fileRef = C321D641293E480F00195345 /* ParticlesViewController.swift */; };
		C321D644293F12FE00195345 /* Buttons.swift in Sources */ = {isa = PBXBuildFile; fileRef = C321D643293F12FE00195345 /* Buttons.swift */; };
		C321D647293F1C5F00195345 /* snow.sks in Resources */ = {isa = PBXBuildFile; fileRef = C321D645293F1C5F00195345 /* snow.sks */; };
		C321D648293F1C5F00195345 /* Assets.xcassets in Resources */ = {isa = PBXBuildFile; fileRef = C321D646293F1C5F00195345 /* Assets.xcassets */; };
		C321D64A293F1C8B00195345 /* SnowGameScene.swift in Sources */ = {isa = PBXBuildFile; fileRef = C321D649293F1C8B00195345 /* SnowGameScene.swift */; };
/* End PBXBuildFile section */

/* Begin PBXFileReference section */
		C321D62A293E30D600195345 /* particlsTest.app */ = {isa = PBXFileReference; explicitFileType = wrapper.application; includeInIndex = 0; path = particlsTest.app; sourceTree = BUILT_PRODUCTS_DIR; };
		C321D62D293E30D600195345 /* AppDelegate.swift */ = {isa = PBXFileReference; lastKnownFileType = sourcecode.swift; path = AppDelegate.swift; sourceTree = "<group>"; };
		C321D62F293E30D600195345 /* SceneDelegate.swift */ = {isa = PBXFileReference; lastKnownFileType = sourcecode.swift; path = SceneDelegate.swift; sourceTree = "<group>"; };
		C321D631293E30D600195345 /* ViewController.swift */ = {isa = PBXFileReference; lastKnownFileType = sourcecode.swift; path = ViewController.swift; sourceTree = "<group>"; };
		C321D634293E30D600195345 /* Base */ = {isa = PBXFileReference; lastKnownFileType = file.storyboard; name = Base; path = Base.lproj/Main.storyboard; sourceTree = "<group>"; };
		C321D636293E30DD00195345 /* Assets.xcassets */ = {isa = PBXFileReference; lastKnownFileType = folder.assetcatalog; path = Assets.xcassets; sourceTree = "<group>"; };
		C321D639293E30DD00195345 /* Base */ = {isa = PBXFileReference; lastKnownFileType = file.storyboard; name = Base; path = Base.lproj/LaunchScreen.storyboard; sourceTree = "<group>"; };
		C321D63B293E30DD00195345 /* Info.plist */ = {isa = PBXFileReference; lastKnownFileType = text.plist.xml; path = Info.plist; sourceTree = "<group>"; };
		C321D641293E480F00195345 /* ParticlesViewController.swift */ = {isa = PBXFileReference; lastKnownFileType = sourcecode.swift; path = ParticlesViewController.swift; sourceTree = "<group>"; };
		C321D643293F12FE00195345 /* Buttons.swift */ = {isa = PBXFileReference; lastKnownFileType = sourcecode.swift; path = Buttons.swift; sourceTree = "<group>"; };
		C321D645293F1C5F00195345 /* snow.sks */ = {isa = PBXFileReference; lastKnownFileType = file.sks; path = snow.sks; sourceTree = "<group>"; };
		C321D646293F1C5F00195345 /* Assets.xcassets */ = {isa = PBXFileReference; lastKnownFileType = folder.assetcatalog; path = Assets.xcassets; sourceTree = "<group>"; };
		C321D649293F1C8B00195345 /* SnowGameScene.swift */ = {isa = PBXFileReference; lastKnownFileType = sourcecode.swift; path = SnowGameScene.swift; sourceTree = "<group>"; };
/* End PBXFileReference section */

/* Begin PBXFrameworksBuildPhase section */
		C321D627293E30D600195345 /* Frameworks */ = {
			isa = PBXFrameworksBuildPhase;
			buildActionMask = 2147483647;
			files = (
			);
			runOnlyForDeploymentPostprocessing = 0;
		};
/* End PBXFrameworksBuildPhase section */

/* Begin PBXGroup section */
		C321D621293E30D600195345 = {
			isa = PBXGroup;
			children = (
				C321D649293F1C8B00195345 /* SnowGameScene.swift */,
				C321D645293F1C5F00195345 /* snow.sks */,
				C321D646293F1C5F00195345 /* Assets.xcassets */,
				C321D643293F12FE00195345 /* Buttons.swift */,
				C321D641293E480F00195345 /* ParticlesViewController.swift */,
				C321D62C293E30D600195345 /* particlsTest */,
				C321D62B293E30D600195345 /* Products */,
			);
			sourceTree = "<group>";
		};
		C321D62B293E30D600195345 /* Products */ = {
			isa = PBXGroup;
			children = (
				C321D62A293E30D600195345 /* particlsTest.app */,
			);
			name = Products;
			sourceTree = "<group>";
		};
		C321D62C293E30D600195345 /* particlsTest */ = {
			isa = PBXGroup;
			children = (
				C321D62D293E30D600195345 /* AppDelegate.swift */,
				C321D62F293E30D600195345 /* SceneDelegate.swift */,
				C321D631293E30D600195345 /* ViewController.swift */,
				C321D633293E30D600195345 /* Main.storyboard */,
				C321D636293E30DD00195345 /* Assets.xcassets */,
				C321D638293E30DD00195345 /* LaunchScreen.storyboard */,
				C321D63B293E30DD00195345 /* Info.plist */,
			);
			path = particlsTest;
			sourceTree = "<group>";
		};
/* End PBXGroup section */

/* Begin PBXNativeTarget section */
		C321D629293E30D600195345 /* particlsTest */ = {
			isa = PBXNativeTarget;
			buildConfigurationList = C321D63E293E30DD00195345 /* Build configuration list for PBXNativeTarget "particlsTest" */;
			buildPhases = (
				C321D626293E30D600195345 /* Sources */,
				C321D627293E30D600195345 /* Frameworks */,
				C321D628293E30D600195345 /* Resources */,
			);
			buildRules = (
			);
			dependencies = (
			);
			name = particlsTest;
			productName = particlsTest;
			productReference = C321D62A293E30D600195345 /* particlsTest.app */;
			productType = "com.apple.product-type.application";
		};
/* End PBXNativeTarget section */

/* Begin PBXProject section */
		C321D622293E30D600195345 /* Project object */ = {
			isa = PBXProject;
			attributes = {
				BuildIndependentTargetsInParallel = 1;
				LastSwiftUpdateCheck = 1410;
				LastUpgradeCheck = 1410;
				TargetAttributes = {
					C321D629293E30D600195345 = {
						CreatedOnToolsVersion = 14.1;
					};
				};
			};
			buildConfigurationList = C321D625293E30D600195345 /* Build configuration list for PBXProject "particlsTest" */;
			compatibilityVersion = "Xcode 14.0";
			developmentRegion = en;
			hasScannedForEncodings = 0;
			knownRegions = (
				en,
				Base,
			);
			mainGroup = C321D621293E30D600195345;
			productRefGroup = C321D62B293E30D600195345 /* Products */;
			projectDirPath = "";
			projectRoot = "";
			targets = (
				C321D629293E30D600195345 /* particlsTest */,
			);
		};
/* End PBXProject section */

/* Begin PBXResourcesBuildPhase section */
		C321D628293E30D600195345 /* Resources */ = {
			isa = PBXResourcesBuildPhase;
			buildActionMask = 2147483647;
			files = (
				C321D63A293E30DD00195345 /* LaunchScreen.storyboard in Resources */,
				C321D637293E30DD00195345 /* Assets.xcassets in Resources */,
				C321D647293F1C5F00195345 /* snow.sks in Resources */,
				C321D635293E30D600195345 /* Main.storyboard in Resources */,
				C321D648293F1C5F00195345 /* Assets.xcassets in Resources */,
			);
			runOnlyForDeploymentPostprocessing = 0;
		};
/* End PBXResourcesBuildPhase section */

/* Begin PBXSourcesBuildPhase section */
		C321D626293E30D600195345 /* Sources */ = {
			isa = PBXSourcesBuildPhase;
			buildActionMask = 2147483647;
			files = (
				C321D644293F12FE00195345 /* Buttons.swift in Sources */,
				C321D632293E30D600195345 /* ViewController.swift in Sources */,
				C321D62E293E30D600195345 /* AppDelegate.swift in Sources */,
				C321D642293E480F00195345 /* ParticlesViewController.swift in Sources */,
				C321D630293E30D600195345 /* SceneDelegate.swift in Sources */,
				C321D64A293F1C8B00195345 /* SnowGameScene.swift in Sources */,
			);
			runOnlyForDeploymentPostprocessing = 0;
		};
/* End PBXSourcesBuildPhase section */

/* Begin PBXVariantGroup section */
		C321D633293E30D600195345 /* Main.storyboard */ = {
			isa = PBXVariantGroup;
			children = (
				C321D634293E30D600195345 /* Base */,
			);
			name = Main.storyboard;
			sourceTree = "<group>";
		};
		C321D638293E30DD00195345 /* LaunchScreen.storyboard */ = {
			isa = PBXVariantGroup;
			children = (
				C321D639293E30DD00195345 /* Base */,
			);
			name = LaunchScreen.storyboard;
			sourceTree = "<group>";
		};
/* End PBXVariantGroup section */

/* Begin XCBuildConfiguration section */
		C321D63C293E30DD00195345 /* Debug */ = {
			isa = XCBuildConfiguration;
			buildSettings = {
				ALWAYS_SEARCH_USER_PATHS = NO;
				CLANG_ANALYZER_NONNULL = YES;
				CLANG_ANALYZER_NUMBER_OBJECT_CONVERSION = YES_AGGRESSIVE;
				CLANG_CXX_LANGUAGE_STANDARD = "gnu++20";
				CLANG_ENABLE_MODULES = YES;
				CLANG_ENABLE_OBJC_ARC = YES;
				CLANG_ENABLE_OBJC_WEAK = YES;
				CLANG_WARN_BLOCK_CAPTURE_AUTORELEASING = YES;
				CLANG_WARN_BOOL_CONVERSION = YES;
				CLANG_WARN_COMMA = YES;
				CLANG_WARN_CONSTANT_CONVERSION = YES;
				CLANG_WARN_DEPRECATED_OBJC_IMPLEMENTATIONS = YES;
				CLANG_WARN_DIRECT_OBJC_ISA_USAGE = YES_ERROR;
				CLANG_WARN_DOCUMENTATION_COMMENTS = YES;
				CLANG_WARN_EMPTY_BODY = YES;
				CLANG_WARN_ENUM_CONVERSION = YES;
				CLANG_WARN_INFINITE_RECURSION = YES;
				CLANG_WARN_INT_CONVERSION = YES;
				CLANG_WARN_NON_LITERAL_NULL_CONVERSION = YES;
				CLANG_WARN_OBJC_IMPLICIT_RETAIN_SELF = YES;
				CLANG_WARN_OBJC_LITERAL_CONVERSION = YES;
				CLANG_WARN_OBJC_ROOT_CLASS = YES_ERROR;
				CLANG_WARN_QUOTED_INCLUDE_IN_FRAMEWORK_HEADER = YES;
				CLANG_WARN_RANGE_LOOP_ANALYSIS = YES;
				CLANG_WARN_STRICT_PROTOTYPES = YES;
				CLANG_WARN_SUSPICIOUS_MOVE = YES;
				CLANG_WARN_UNGUARDED_AVAILABILITY = YES_AGGRESSIVE;
				CLANG_WARN_UNREACHABLE_CODE = YES;
				CLANG_WARN__DUPLICATE_METHOD_MATCH = YES;
				COPY_PHASE_STRIP = NO;
				DEBUG_INFORMATION_FORMAT = dwarf;
				ENABLE_STRICT_OBJC_MSGSEND = YES;
				ENABLE_TESTABILITY = YES;
				GCC_C_LANGUAGE_STANDARD = gnu11;
				GCC_DYNAMIC_NO_PIC = NO;
				GCC_NO_COMMON_BLOCKS = YES;
				GCC_OPTIMIZATION_LEVEL = 0;
				GCC_PREPROCESSOR_DEFINITIONS = (
					"DEBUG=1",
					"$(inherited)",
				);
				GCC_WARN_64_TO_32_BIT_CONVERSION = YES;
				GCC_WARN_ABOUT_RETURN_TYPE = YES_ERROR;
				GCC_WARN_UNDECLARED_SELECTOR = YES;
				GCC_WARN_UNINITIALIZED_AUTOS = YES_AGGRESSIVE;
				GCC_WARN_UNUSED_FUNCTION = YES;
				GCC_WARN_UNUSED_VARIABLE = YES;
				IPHONEOS_DEPLOYMENT_TARGET = 16.1;
				MTL_ENABLE_DEBUG_INFO = INCLUDE_SOURCE;
				MTL_FAST_MATH = YES;
				ONLY_ACTIVE_ARCH = YES;
				SDKROOT = iphoneos;
				SWIFT_ACTIVE_COMPILATION_CONDITIONS = DEBUG;
				SWIFT_OPTIMIZATION_LEVEL = "-Onone";
			};
			name = Debug;
		};
		C321D63D293E30DD00195345 /* Release */ = {
			isa = XCBuildConfiguration;
			buildSettings = {
				ALWAYS_SEARCH_USER_PATHS = NO;
				CLANG_ANALYZER_NONNULL = YES;
				CLANG_ANALYZER_NUMBER_OBJECT_CONVERSION = YES_AGGRESSIVE;
				CLANG_CXX_LANGUAGE_STANDARD = "gnu++20";
				CLANG_ENABLE_MODULES = YES;
				CLANG_ENABLE_OBJC_ARC = YES;
				CLANG_ENABLE_OBJC_WEAK = YES;
				CLANG_WARN_BLOCK_CAPTURE_AUTORELEASING = YES;
				CLANG_WARN_BOOL_CONVERSION = YES;
				CLANG_WARN_COMMA = YES;
				CLANG_WARN_CONSTANT_CONVERSION = YES;
				CLANG_WARN_DEPRECATED_OBJC_IMPLEMENTATIONS = YES;
				CLANG_WARN_DIRECT_OBJC_ISA_USAGE = YES_ERROR;
				CLANG_WARN_DOCUMENTATION_COMMENTS = YES;
				CLANG_WARN_EMPTY_BODY = YES;
				CLANG_WARN_ENUM_CONVERSION = YES;
				CLANG_WARN_INFINITE_RECURSION = YES;
				CLANG_WARN_INT_CONVERSION = YES;
				CLANG_WARN_NON_LITERAL_NULL_CONVERSION = YES;
				CLANG_WARN_OBJC_IMPLICIT_RETAIN_SELF = YES;
				CLANG_WARN_OBJC_LITERAL_CONVERSION = YES;
				CLANG_WARN_OBJC_ROOT_CLASS = YES_ERROR;
				CLANG_WARN_QUOTED_INCLUDE_IN_FRAMEWORK_HEADER = YES;
				CLANG_WARN_RANGE_LOOP_ANALYSIS = YES;
				CLANG_WARN_STRICT_PROTOTYPES = YES;
				CLANG_WARN_SUSPICIOUS_MOVE = YES;
				CLANG_WARN_UNGUARDED_AVAILABILITY = YES_AGGRESSIVE;
				CLANG_WARN_UNREACHABLE_CODE = YES;
				CLANG_WARN__DUPLICATE_METHOD_MATCH = YES;
				COPY_PHASE_STRIP = NO;
				DEBUG_INFORMATION_FORMAT = "dwarf-with-dsym";
				ENABLE_NS_ASSERTIONS = NO;
				ENABLE_STRICT_OBJC_MSGSEND = YES;
				GCC_C_LANGUAGE_STANDARD = gnu11;
				GCC_NO_COMMON_BLOCKS = YES;
				GCC_WARN_64_TO_32_BIT_CONVERSION = YES;
				GCC_WARN_ABOUT_RETURN_TYPE = YES_ERROR;
				GCC_WARN_UNDECLARED_SELECTOR = YES;
				GCC_WARN_UNINITIALIZED_AUTOS = YES_AGGRESSIVE;
				GCC_WARN_UNUSED_FUNCTION = YES;
				GCC_WARN_UNUSED_VARIABLE = YES;
				IPHONEOS_DEPLOYMENT_TARGET = 16.1;
				MTL_ENABLE_DEBUG_INFO = NO;
				MTL_FAST_MATH = YES;
				SDKROOT = iphoneos;
				SWIFT_COMPILATION_MODE = wholemodule;
				SWIFT_OPTIMIZATION_LEVEL = "-O";
				VALIDATE_PRODUCT = YES;
			};
			name = Release;
		};
		C321D63F293E30DD00195345 /* Debug */ = {
			isa = XCBuildConfiguration;
			buildSettings = {
				ASSETCATALOG_COMPILER_APPICON_NAME = AppIcon;
				ASSETCATALOG_COMPILER_GLOBAL_ACCENT_COLOR_NAME = AccentColor;
				CODE_SIGN_STYLE = Automatic;
				CURRENT_PROJECT_VERSION = 1;
				DEVELOPMENT_TEAM = 4AHFU5YC98;
				GENERATE_INFOPLIST_FILE = YES;
				INFOPLIST_FILE = particlsTest/Info.plist;
				INFOPLIST_KEY_UIApplicationSupportsIndirectInputEvents = YES;
				INFOPLIST_KEY_UILaunchStoryboardName = LaunchScreen;
				INFOPLIST_KEY_UIMainStoryboardFile = Main;
				INFOPLIST_KEY_UISupportedInterfaceOrientations_iPad = "UIInterfaceOrientationPortrait UIInterfaceOrientationPortraitUpsideDown UIInterfaceOrientationLandscapeLeft UIInterfaceOrientationLandscapeRight";
				INFOPLIST_KEY_UISupportedInterfaceOrientations_iPhone = "UIInterfaceOrientationPortrait UIInterfaceOrientationLandscapeLeft UIInterfaceOrientationLandscapeRight";
				LD_RUNPATH_SEARCH_PATHS = (
					"$(inherited)",
					"@executable_path/Frameworks",
				);
				MARKETING_VERSION = 1.0;
				PRODUCT_BUNDLE_IDENTIFIER = com.romanY.particlsTest;
				PRODUCT_NAME = "$(TARGET_NAME)";
				SWIFT_EMIT_LOC_STRINGS = YES;
				SWIFT_VERSION = 5.0;
				TARGETED_DEVICE_FAMILY = "1,2";
			};
			name = Debug;
		};
		C321D640293E30DD00195345 /* Release */ = {
			isa = XCBuildConfiguration;
			buildSettings = {
				ASSETCATALOG_COMPILER_APPICON_NAME = AppIcon;
				ASSETCATALOG_COMPILER_GLOBAL_ACCENT_COLOR_NAME = AccentColor;
				CODE_SIGN_STYLE = Automatic;
				CURRENT_PROJECT_VERSION = 1;
				DEVELOPMENT_TEAM = 4AHFU5YC98;
				GENERATE_INFOPLIST_FILE = YES;
				INFOPLIST_FILE = particlsTest/Info.plist;
				INFOPLIST_KEY_UIApplicationSupportsIndirectInputEvents = YES;
				INFOPLIST_KEY_UILaunchStoryboardName = LaunchScreen;
				INFOPLIST_KEY_UIMainStoryboardFile = Main;
				INFOPLIST_KEY_UISupportedInterfaceOrientations_iPad = "UIInterfaceOrientationPortrait UIInterfaceOrientationPortraitUpsideDown UIInterfaceOrientationLandscapeLeft UIInterfaceOrientationLandscapeRight";
				INFOPLIST_KEY_UISupportedInterfaceOrientations_iPhone = "UIInterfaceOrientationPortrait UIInterfaceOrientationLandscapeLeft UIInterfaceOrientationLandscapeRight";
				LD_RUNPATH_SEARCH_PATHS = (
					"$(inherited)",
					"@executable_path/Frameworks",
				);
				MARKETING_VERSION = 1.0;
				PRODUCT_BUNDLE_IDENTIFIER = com.romanY.particlsTest;
				PRODUCT_NAME = "$(TARGET_NAME)";
				SWIFT_EMIT_LOC_STRINGS = YES;
				SWIFT_VERSION = 5.0;
				TARGETED_DEVICE_FAMILY = "1,2";
			};
			name = Release;
		};
/* End XCBuildConfiguration section */

/* Begin XCConfigurationList section */
		C321D625293E30D600195345 /* Build configuration list for PBXProject "particlsTest" */ = {
			isa = XCConfigurationList;
			buildConfigurations = (
				C321D63C293E30DD00195345 /* Debug */,
				C321D63D293E30DD00195345 /* Release */,
			);
			defaultConfigurationIsVisible = 0;
			defaultConfigurationName = Release;
		};
		C321D63E293E30DD00195345 /* Build configuration list for PBXNativeTarget "particlsTest" */ = {
			isa = XCConfigurationList;
			buildConfigurations = (
				C321D63F293E30DD00195345 /* Debug */,
				C321D640293E30DD00195345 /* Release */,
			);
			defaultConfigurationIsVisible = 0;
			defaultConfigurationName = Release;
		};
/* End XCConfigurationList section */
	};
	rootObject = C321D622293E30D600195345 /* Project object */;
}
